
Microsoft Visual Studio Solution File, Format Version 12.00
# Visual Studio Version 16
VisualStudioVersion = 16.0.31025.194
MinimumVisualStudioVersion = 10.0.40219.1
Project("{FAE04EC0-301F-11D3-BF4B-00C04F79EFBC}") = "Circle area", "Circle area\Circle area.csproj", "{7A9729E7-568F-42A8-98C5-6084565A25FD}"
EndProject
Global
	GlobalSection(SolutionConfigurationPlatforms) = preSolution
		Debug|Any CPU = Debug|Any CPU
		Release|Any CPU = Release|Any CPU
	EndGlobalSection
	GlobalSection(ProjectConfigurationPlatforms) = postSolution
		{7A9729E7-568F-42A8-98C5-6084565A25FD}.Debug|Any CPU.ActiveCfg = Debug|Any CPU
		{7A9729E7-568F-42A8-98C5-6084565A25FD}.Debug|Any CPU.Build.0 = Debug|Any CPU
		{7A9729E7-568F-42A8-98C5-6084565A25FD}.Release|Any CPU.ActiveCfg = Release|Any CPU
		{7A9729E7-568F-42A8-98C5-6084565A25FD}.Release|Any CPU.Build.0 = Release|Any CPU
	EndGlobalSection
	GlobalSection(SolutionProperties) = preSolution
		HideSolutionNode = FALSE
	EndGlobalSection
	GlobalSection(ExtensibilityGlobals) = postSolution
		SolutionGuid = {F9EE1B3C-7F97-49A2-B337-381C0F170896}
	EndGlobalSection
EndGlobal
